PATH
  remote: .
  specs:
    tibetan (0.1.5)

GEM
  remote: https://rubygems.org/
  specs:
    drb (2.2.3)
    minitest (6.0.2)
      drb (~> 2.0)
      prism (~> 1.5)
    prism (1.9.0)
    rake (13.3.1)

PLATFORMS
  ruby

DEPENDENCIES
  bundler (>= 2.6)
  minitest (~> 6.0)
  rake (~> 13.3)
  tibetan!

BUNDLED WITH
  4.0.9
